
Microsoft Visual Studio Solution File, Format Version 12.00
# Visual Studio Version 16
VisualStudioVersion = 16.0.30413.136
MinimumVisualStudioVersion = 10.0.40219.1
Project("{FAE04EC0-301F-11D3-BF4B-00C04F79EFBC}") = "Aplikasi_ProyekSDP", "Aplikasi_ProyekSDP\Aplikasi_ProyekSDP.csproj", "{E1FB0681-9F9D-4C39-870D-AB9CE406444B}"
EndProject
Global
	GlobalSection(SolutionConfigurationPlatforms) = preSolution
		Debug|Any CPU = Debug|Any CPU
		Release|Any CPU = Release|Any CPU
	EndGlobalSection
	GlobalSection(ProjectConfigurationPlatforms) = postSolution
		{E1FB0681-9F9D-4C39-870D-AB9CE406444B}.Debug|Any CPU.ActiveCfg = Debug|Any CPU
		{E1FB0681-9F9D-4C39-870D-AB9CE406444B}.Debug|Any CPU.Build.0 = Debug|Any CPU
		{E1FB0681-9F9D-4C39-870D-AB9CE406444B}.Release|Any CPU.ActiveCfg = Release|Any CPU
		{E1FB0681-9F9D-4C39-870D-AB9CE406444B}.Release|Any CPU.Build.0 = Release|Any CPU
	EndGlobalSection
	GlobalSection(SolutionProperties) = preSolution
		HideSolutionNode = FALSE
	EndGlobalSection
	GlobalSection(ExtensibilityGlobals) = postSolution
		SolutionGuid = {1A151942-EC8B-48AC-B8EE-2307B724429D}
	EndGlobalSection
EndGlobal
